
Microsoft Visual Studio Solution File, Format Version 12.00
# Visual Studio 15
VisualStudioVersion = 15.0.28307.329
MinimumVisualStudioVersion = 10.0.40219.1
Project("{FAE04EC0-301F-11D3-BF4B-00C04F79EFBC}") = "Task2", "Task2\Task2.csproj", "{388ECBD6-84D0-412B-80CB-2034338ABD11}"
EndProject
Global
	GlobalSection(SolutionConfigurationPlatforms) = preSolution
		Debug|Any CPU = Debug|Any CPU
		Release|Any CPU = Release|Any CPU
	EndGlobalSection
	GlobalSection(ProjectConfigurationPlatforms) = postSolution
		{388ECBD6-84D0-412B-80CB-2034338ABD11}.Debug|Any CPU.ActiveCfg = Debug|Any CPU
		{388ECBD6-84D0-412B-80CB-2034338ABD11}.Debug|Any CPU.Build.0 = Debug|Any CPU
		{388ECBD6-84D0-412B-80CB-2034338ABD11}.Release|Any CPU.ActiveCfg = Release|Any CPU
		{388ECBD6-84D0-412B-80CB-2034338ABD11}.Release|Any CPU.Build.0 = Release|Any CPU
	EndGlobalSection
	GlobalSection(SolutionProperties) = preSolution
		HideSolutionNode = FALSE
	EndGlobalSection
	GlobalSection(ExtensibilityGlobals) = postSolution
		SolutionGuid = {377F8021-F011-411A-956F-CB8C7A9A65B7}
	EndGlobalSection
EndGlobal
