
Microsoft Visual Studio Solution File, Format Version 12.00
# Visual Studio 15
VisualStudioVersion = 15.0.28307.329
MinimumVisualStudioVersion = 10.0.40219.1
Project("{FAE04EC0-301F-11D3-BF4B-00C04F79EFBC}") = "Task4", "Task4\Task4.csproj", "{460D9AD9-3CA6-4DA6-9712-531D016E77F3}"
EndProject
Global
	GlobalSection(SolutionConfigurationPlatforms) = preSolution
		Debug|Any CPU = Debug|Any CPU
		Release|Any CPU = Release|Any CPU
	EndGlobalSection
	GlobalSection(ProjectConfigurationPlatforms) = postSolution
		{460D9AD9-3CA6-4DA6-9712-531D016E77F3}.Debug|Any CPU.ActiveCfg = Debug|Any CPU
		{460D9AD9-3CA6-4DA6-9712-531D016E77F3}.Debug|Any CPU.Build.0 = Debug|Any CPU
		{460D9AD9-3CA6-4DA6-9712-531D016E77F3}.Release|Any CPU.ActiveCfg = Release|Any CPU
		{460D9AD9-3CA6-4DA6-9712-531D016E77F3}.Release|Any CPU.Build.0 = Release|Any CPU
	EndGlobalSection
	GlobalSection(SolutionProperties) = preSolution
		HideSolutionNode = FALSE
	EndGlobalSection
	GlobalSection(ExtensibilityGlobals) = postSolution
		SolutionGuid = {617D9195-CF2E-4E96-9638-6035E5CA6592}
	EndGlobalSection
EndGlobal
